
Microsoft Visual Studio Solution File, Format Version 12.00
# Visual Studio Version 16
VisualStudioVersion = 16.0.30413.136
MinimumVisualStudioVersion = 10.0.40219.1
Project("{F2A71F9B-5D33-465A-A702-920D77279786}") = "ChessboardKeyPuzzle", "ChessboardKeyPuzzle\ChessboardKeyPuzzle.fsproj", "{EE23BB2A-8806-4874-8264-1942BBB8DFB2}"
EndProject
Global
	GlobalSection(SolutionConfigurationPlatforms) = preSolution
		Debug|Any CPU = Debug|Any CPU
		Release|Any CPU = Release|Any CPU
	EndGlobalSection
	GlobalSection(ProjectConfigurationPlatforms) = postSolution
		{EE23BB2A-8806-4874-8264-1942BBB8DFB2}.Debug|Any CPU.ActiveCfg = Debug|Any CPU
		{EE23BB2A-8806-4874-8264-1942BBB8DFB2}.Debug|Any CPU.Build.0 = Debug|Any CPU
		{EE23BB2A-8806-4874-8264-1942BBB8DFB2}.Release|Any CPU.ActiveCfg = Release|Any CPU
		{EE23BB2A-8806-4874-8264-1942BBB8DFB2}.Release|Any CPU.Build.0 = Release|Any CPU
	EndGlobalSection
	GlobalSection(SolutionProperties) = preSolution
		HideSolutionNode = FALSE
	EndGlobalSection
	GlobalSection(ExtensibilityGlobals) = postSolution
		SolutionGuid = {7868AFA3-2435-4121-9FC3-A035E27D3797}
	EndGlobalSection
EndGlobal
